
Microsoft Visual Studio Solution File, Format Version 12.00
# Visual Studio 15
VisualStudioVersion = 15.0.28010.2046
MinimumVisualStudioVersion = 10.0.40219.1
Project("{8BC9CEB8-8B4A-11D0-8D11-00A0C91BC942}") = "TemaDragulici", "TemaDragulici\TemaDragulici.vcxproj", "{C5EB1CCC-32A7-448B-98C4-2CF9A5E972D2}"
EndProject
Global
	GlobalSection(SolutionConfigurationPlatforms) = preSolution
		Debug|x64 = Debug|x64
		Debug|x86 = Debug|x86
		Release|x64 = Release|x64
		Release|x86 = Release|x86
	EndGlobalSection
	GlobalSection(ProjectConfigurationPlatforms) = postSolution
		{C5EB1CCC-32A7-448B-98C4-2CF9A5E972D2}.Debug|x64.ActiveCfg = Debug|x64
		{C5EB1CCC-32A7-448B-98C4-2CF9A5E972D2}.Debug|x64.Build.0 = Debug|x64
		{C5EB1CCC-32A7-448B-98C4-2CF9A5E972D2}.Debug|x86.ActiveCfg = Debug|Win32
		{C5EB1CCC-32A7-448B-98C4-2CF9A5E972D2}.Debug|x86.Build.0 = Debug|Win32
		{C5EB1CCC-32A7-448B-98C4-2CF9A5E972D2}.Release|x64.ActiveCfg = Release|x64
		{C5EB1CCC-32A7-448B-98C4-2CF9A5E972D2}.Release|x64.Build.0 = Release|x64
		{C5EB1CCC-32A7-448B-98C4-2CF9A5E972D2}.Release|x86.ActiveCfg = Release|Win32
		{C5EB1CCC-32A7-448B-98C4-2CF9A5E972D2}.Release|x86.Build.0 = Release|Win32
	EndGlobalSection
	GlobalSection(SolutionProperties) = preSolution
		HideSolutionNode = FALSE
	EndGlobalSection
	GlobalSection(ExtensibilityGlobals) = postSolution
		SolutionGuid = {AB7D7ADD-88FF-4B28-9457-E936F61B346D}
	EndGlobalSection
EndGlobal
